<?xml version="1.0" encoding="UTF-8"?>
<CONFIG>
  <ProjectOptions>
    <Version Value="9"/>
    <PathDelim Value="\"/>
    <General>
      <SessionStorage Value="InProjectDir"/>
      <MainUnit Value="0"/>
      <Title Value="galaxy_launcher"/>
      <ResourceType Value="res"/>
      <UseXPManifest Value="True"/>
    </General>
    <i18n>
      <EnableI18N LFM="False"/>
    </i18n>
    <VersionInfo>
      <UseVersionInfo Value="True"/>
      <AutoIncrementBuild Value="True"/>
      <MinorVersionNr Value="1"/>
      <BuildNr Value="264"/>
      <StringTable CompanyName="GalaxyCraft.EU" FileDescription="GalaxyLauncher (Minecraft)" InternalName="GFF-Launcher" LegalCopyright="c2014 - Life4YourGames (Magnus Leßmann)" LegalTrademarks="GalaxyCraft.EU - Life4YourGames" OriginalFilename="Galaxy-Launcher" ProductName="Galaxy-(/GFF-)Launcher" ProductVersion="Alpha 0.1.0.X"/>
    </VersionInfo>
    <BuildModes Count="1">
      <Item1 Name="Default" Default="True"/>
    </BuildModes>
    <PublishOptions>
      <Version Value="2"/>
    </PublishOptions>
    <RunParams>
      <local>
        <FormatVersion Value="1"/>
      </local>
    </RunParams>
    <RequiredPackages Count="5">
      <Item1>
        <PackageName Value="TurboPowerIPro"/>
      </Item1>
      <Item2>
        <PackageName Value="LazControls"/>
      </Item2>
      <Item3>
        <PackageName Value="bgracontrols"/>
      </Item3>
      <Item4>
        <PackageName Value="FCL"/>
      </Item4>
      <Item5>
        <PackageName Value="LCL"/>
      </Item5>
    </RequiredPackages>
    <Units Count="25">
      <Unit0>
        <Filename Value="galaxy_launcher.lpr"/>
        <IsPartOfProject Value="True"/>
        <UnitName Value="galaxy_launcher"/>
      </Unit0>
      <Unit1>
        <Filename Value="fmmain.pas"/>
        <IsPartOfProject Value="True"/>
        <ComponentName Value="fm_Main"/>
        <HasResources Value="True"/>
        <ResourceBaseClass Value="Form"/>
        <UnitName Value="fmMain"/>
      </Unit1>
      <Unit2>
        <Filename Value="fmlogin.pas"/>
        <IsPartOfProject Value="True"/>
        <ComponentName Value="fm_Login"/>
        <HasResources Value="True"/>
        <ResourceBaseClass Value="Form"/>
        <UnitName Value="fmLogin"/>
      </Unit2>
      <Unit3>
        <Filename Value="fmlauncher.pas"/>
        <IsPartOfProject Value="True"/>
        <ComponentName Value="fm_Launcher"/>
        <HasResources Value="True"/>
        <ResourceBaseClass Value="Form"/>
        <UnitName Value="fmLauncher"/>
      </Unit3>
      <Unit4>
        <Filename Value="fmprofiles.pas"/>
        <IsPartOfProject Value="True"/>
        <ComponentName Value="fm_Profiles"/>
        <HasResources Value="True"/>
        <ResourceBaseClass Value="Form"/>
        <UnitName Value="fmProfiles"/>
      </Unit4>
      <Unit5>
        <Filename Value="fmsettings.pas"/>
        <IsPartOfProject Value="True"/>
        <ComponentName Value="fm_Settings"/>
        <HasResources Value="True"/>
        <ResourceBaseClass Value="Form"/>
        <UnitName Value="fmSettings"/>
      </Unit5>
      <Unit6>
        <Filename Value="fmerror.pas"/>
        <IsPartOfProject Value="True"/>
        <ComponentName Value="fm_Error"/>
        <HasResources Value="True"/>
        <ResourceBaseClass Value="Form"/>
        <UnitName Value="fmError"/>
      </Unit6>
      <Unit7>
        <Filename Value="launcher.pp"/>
        <IsPartOfProject Value="True"/>
        <UnitName Value="launcher"/>
      </Unit7>
      <Unit8>
        <Filename Value="informations.pp"/>
        <IsPartOfProject Value="True"/>
        <UnitName Value="informations"/>
      </Unit8>
      <Unit9>
        <Filename Value="obj_settings.pp"/>
        <IsPartOfProject Value="True"/>
        <UnitName Value="obj_settings"/>
      </Unit9>
      <Unit10>
        <Filename Value="obj_paths.pp"/>
        <IsPartOfProject Value="True"/>
        <UnitName Value="obj_paths"/>
      </Unit10>
      <Unit11>
        <Filename Value="fmlog.pas"/>
        <IsPartOfProject Value="True"/>
        <ComponentName Value="fm_Log"/>
        <HasResources Value="True"/>
        <ResourceBaseClass Value="Form"/>
        <UnitName Value="fmLog"/>
      </Unit11>
      <Unit12>
        <Filename Value="mojang.pp"/>
        <IsPartOfProject Value="True"/>
        <UnitName Value="mojang"/>
      </Unit12>
      <Unit13>
        <Filename Value="obj_user.pp"/>
        <IsPartOfProject Value="True"/>
        <UnitName Value="obj_user"/>
      </Unit13>
      <Unit14>
        <Filename Value="transparency.pp"/>
        <IsPartOfProject Value="True"/>
        <UnitName Value="Transparency"/>
      </Unit14>
      <Unit15>
        <Filename Value="downloads.pp"/>
        <IsPartOfProject Value="True"/>
        <UnitName Value="downloads"/>
      </Unit15>
      <Unit16>
        <Filename Value="json.pp"/>
        <IsPartOfProject Value="True"/>
        <UnitName Value="json"/>
      </Unit16>
      <Unit17>
        <Filename Value="obj_versions.pp"/>
        <IsPartOfProject Value="True"/>
        <UnitName Value="obj_versions"/>
      </Unit17>
      <Unit18>
        <Filename Value="minecraft_setup.pp"/>
        <IsPartOfProject Value="True"/>
        <UnitName Value="Minecraft_Setup"/>
      </Unit18>
      <Unit19>
        <Filename Value="obj_profiles.pp"/>
        <IsPartOfProject Value="True"/>
        <UnitName Value="obj_profiles"/>
      </Unit19>
      <Unit20>
        <Filename Value="obj_remprofiles.pp"/>
        <IsPartOfProject Value="True"/>
        <UnitName Value="obj_remProfiles"/>
      </Unit20>
      <Unit21>
        <Filename Value="newdownloads.pp"/>
        <IsPartOfProject Value="True"/>
        <UnitName Value="newDownloads"/>
      </Unit21>
      <Unit22>
        <Filename Value="installprofile.pp"/>
        <IsPartOfProject Value="True"/>
        <UnitName Value="installProfile"/>
      </Unit22>
      <Unit23>
        <Filename Value="remprofiles.pp"/>
        <IsPartOfProject Value="True"/>
        <UnitName Value="remProfiles"/>
      </Unit23>
      <Unit24>
        <Filename Value="obj_download.pp"/>
        <IsPartOfProject Value="True"/>
        <UnitName Value="obj_download"/>
      </Unit24>
    </Units>
  </ProjectOptions>
  <CompilerOptions>
    <Version Value="11"/>
    <PathDelim Value="\"/>
    <Target>
      <Filename Value="galaxy_launcher"/>
    </Target>
    <SearchPaths>
      <IncludeFiles Value="$(ProjOutDir)"/>
      <OtherUnitFiles Value="..\..\_Lazarus-APIs\synapse40\source\lib"/>
      <UnitOutputDirectory Value="lib\$(TargetCPU)-$(TargetOS)"/>
    </SearchPaths>
    <CodeGeneration>
      <Optimizations>
        <OptimizationLevel Value="0"/>
      </Optimizations>
    </CodeGeneration>
    <Linking>
      <Options>
        <Win32>
          <GraphicApplication Value="True"/>
        </Win32>
      </Options>
    </Linking>
    <Other>
      <CompilerMessages>
        <MsgFileName Value=""/>
      </CompilerMessages>
      <CompilerPath Value="$(CompPath)"/>
    </Other>
  </CompilerOptions>
  <Debugging>
    <Exceptions Count="4">
      <Item1>
        <Name Value="EAbort"/>
      </Item1>
      <Item2>
        <Name Value="ECodetoolError"/>
      </Item2>
      <Item3>
        <Name Value="EFOpenError"/>
      </Item3>
      <Item4>
        <Name Value="Exception"/>
      </Item4>
    </Exceptions>
  </Debugging>
</CONFIG>
